<?xml version="1.0" encoding="utf-8"?>
<Project ToolsVersion="4.0" xmlns="http://schemas.microsoft.com/developer/msbuild/2003">
  <ItemGroup>
    <Filter Include="Resource Files">
      <UniqueIdentifier>{D9D6E242-F8AF-46E4-B9FD-80ECBC20BA3E}</UniqueIdentifier>
      <Extensions>qrc;*</Extensions>
      <ParseFiles>false</ParseFiles>
    </Filter>
    <Filter Include="Generated Files">
      <UniqueIdentifier>{71ED8ED8-ACB9-4CE9-BBE1-E00B30144E11}</UniqueIdentifier>
      <Extensions>moc;h;cpp</Extensions>
      <SourceControlFiles>False</SourceControlFiles>
    </Filter>
    <Filter Include="Generated Files\Debug">
      <UniqueIdentifier>{3c1546ca-768e-402f-b8b2-107f835e2e90}</UniqueIdentifier>
      <Extensions>cpp;moc</Extensions>
      <SourceControlFiles>False</SourceControlFiles>
    </Filter>
    <Filter Include="Generated Files\Release">
      <UniqueIdentifier>{883e59f5-9a10-4186-af3c-f926f48ed614}</UniqueIdentifier>
      <Extensions>cpp;moc</Extensions>
      <SourceControlFiles>False</SourceControlFiles>
    </Filter>
    <Filter Include="Main">
      <UniqueIdentifier>{68d94876-5abb-4b45-b604-3634b8523b3d}</UniqueIdentifier>
    </Filter>
    <Filter Include="GUI">
      <UniqueIdentifier>{a82e5aa3-e8f5-4c63-800b-fe398fc4eb5f}</UniqueIdentifier>
    </Filter>
  </ItemGroup>
  <ItemGroup>
    <ClCompile Include="GeneratedFiles\Release\moc_SDeviceApsin20g.cpp">
      <Filter>Generated Files\Release</Filter>
    </ClCompile>
    <ClCompile Include="SDeviceApsin20g.cpp">
      <Filter>Main</Filter>
    </ClCompile>
    <ClCompile Include="GeneratedFiles\Debug\moc_SDeviceApsin20g.cpp">
      <Filter>Generated Files\Debug</Filter>
    </ClCompile>
    <ClCompile Include="GeneratedFiles\Debug\moc_SUiCpApsin20g.cpp">
      <Filter>Generated Files\Debug</Filter>
    </ClCompile>
    <ClCompile Include="GeneratedFiles\Release\moc_SUiCpApsin20g.cpp">
      <Filter>Generated Files\Release</Filter>
    </ClCompile>
    <ClCompile Include="SUiCpApsin20g.cpp">
      <Filter>GUI</Filter>
    </ClCompile>
    <ClCompile Include="GeneratedFiles\qrc_image.cpp">
      <Filter>Generated Files</Filter>
    </ClCompile>
  </ItemGroup>
  <ItemGroup>
    <CustomBuild Include="SDeviceApsin20g.h">
      <Filter>Main</Filter>
    </CustomBuild>
    <CustomBuild Include="SUiCpApsin20g.ui">
      <Filter>GUI</Filter>
    </CustomBuild>
    <CustomBuild Include="SUiCpApsin20g.h">
      <Filter>GUI</Filter>
    </CustomBuild>
    <CustomBuild Include="image.qrc">
      <Filter>Main</Filter>
    </CustomBuild>
  </ItemGroup>
  <ItemGroup>
    <ClInclude Include="SDeviceApsin20g_global.h">
      <Filter>Main</Filter>
    </ClInclude>
    <ClInclude Include="GeneratedFiles\ui_SUiCpApsin20g.h">
      <Filter>Main</Filter>
    </ClInclude>
  </ItemGroup>
  <ItemGroup>
    <None Include="Resources\Apsin20g.png">
      <Filter>Resource Files</Filter>
    </None>
  </ItemGroup>
</Project>